format=local-inference-nccl-wheel-runtime/v1
status=research-only
python.version=3.12
cuda.version=13.4
nccl.version=2.31.2
cuda.arch-list=12.0
builder.image=nvcr.io/nvidia/pytorch@sha256:33ef5fc15e8937602d64022209cdb2777b32dadf742f41332023d946041b3c14
build.max-jobs=48
buildx.builder=lil-wheel-cu134-sm120
buildx.memory-high-bytes=257698037760
buildx.memory-bytes=274877906944
buildx.swap-max-bytes=0
buildx.tasks-max=8192
buildx.cpuset=64-127
buildx.cpu-quota=6400000
buildx.cpu-period=100000
